
Microsoft Visual Studio Solution File, Format Version 12.00
# Visual Studio Version 17
VisualStudioVersion = 17.14.36121.58
MinimumVisualStudioVersion = 10.0.40219.1
Project("{FAE04EC0-301F-11D3-BF4B-00C04F79EFBC}") = "CS_K_WPF", "CS_K_WPF\CS_K_WPF.csproj", "{67FDB8B3-D6D2-4DFF-8FAA-2D75CAB05A60}"
EndProject
Project("{FAE04EC0-301F-11D3-BF4B-00C04F79EFBC}") = "TCPServer", "Server\TCPServer.csproj", "{5FF91121-69A7-4D05-8673-F441AEA6D62E}"
EndProject
Project("{FAE04EC0-301F-11D3-BF4B-00C04F79EFBC}") = "UdpSenderProj", "UdpSender\UdpSenderProj.csproj", "{C16BD8E3-3CA6-4DD1-B7A9-B0A0C2AE3430}"
EndProject
Project("{FAE04EC0-301F-11D3-BF4B-00C04F79EFBC}") = "CS.Base", "BaseProj\CS.Base.csproj", "{64E0282A-874C-455B-8E97-B3396B5C0EE7}"
EndProject
Project("{FAE04EC0-301F-11D3-BF4B-00C04F79EFBC}") = "Database", "Database\Database.csproj", "{DCB23E00-17D1-4290-B1AB-491EDD9B102C}"
EndProject
Project("{FAE04EC0-301F-11D3-BF4B-00C04F79EFBC}") = "DataAnalysisProj", "DataAnalasisProj\DataAnalysisProj.csproj", "{4970B5FF-082C-438A-A57D-30E6218DA383}"
EndProject
Project("{FAE04EC0-301F-11D3-BF4B-00C04F79EFBC}") = "LiveChartsCore", "C:\Users\k2206\Desktop\LiveCharts2官网示例\LiveCharts2\src\LiveChartsCore\LiveChartsCore.csproj", "{47C7FF49-6A32-7884-1A72-03AE2F5C83FC}"
EndProject
Project("{FAE04EC0-301F-11D3-BF4B-00C04F79EFBC}") = "LiveChartsCore.SkiaSharpView.WPF", "C:\Users\k2206\Desktop\LiveCharts2官网示例\LiveCharts2\src\skiasharp\LiveChartsCore.SkiaSharp.WPF\LiveChartsCore.SkiaSharpView.WPF.csproj", "{B9B12A42-EED8-BAE6-BC21-A541BA3C4540}"
EndProject
Project("{FAE04EC0-301F-11D3-BF4B-00C04F79EFBC}") = "LoggerProj", "LoggerProj\LoggerProj.csproj", "{CAE5DABA-B9C3-4A00-AA46-5005DADB678B}"
EndProject
Project("{FAE04EC0-301F-11D3-BF4B-00C04F79EFBC}") = "CSK.Core", "CSK.Core\CSK.Core.csproj", "{EF8A2A6B-F304-4B6F-9F88-C737BB7B067C}"
EndProject
Global
	GlobalSection(SolutionConfigurationPlatforms) = preSolution
		Debug|Any CPU = Debug|Any CPU
		Release|Any CPU = Release|Any CPU
	EndGlobalSection
	GlobalSection(ProjectConfigurationPlatforms) = postSolution
		{67FDB8B3-D6D2-4DFF-8FAA-2D75CAB05A60}.Debug|Any CPU.ActiveCfg = Debug|Any CPU
		{67FDB8B3-D6D2-4DFF-8FAA-2D75CAB05A60}.Debug|Any CPU.Build.0 = Debug|Any CPU
		{67FDB8B3-D6D2-4DFF-8FAA-2D75CAB05A60}.Release|Any CPU.ActiveCfg = Release|Any CPU
		{67FDB8B3-D6D2-4DFF-8FAA-2D75CAB05A60}.Release|Any CPU.Build.0 = Release|Any CPU
		{5FF91121-69A7-4D05-8673-F441AEA6D62E}.Debug|Any CPU.ActiveCfg = Debug|Any CPU
		{5FF91121-69A7-4D05-8673-F441AEA6D62E}.Debug|Any CPU.Build.0 = Debug|Any CPU
		{5FF91121-69A7-4D05-8673-F441AEA6D62E}.Release|Any CPU.ActiveCfg = Release|Any CPU
		{5FF91121-69A7-4D05-8673-F441AEA6D62E}.Release|Any CPU.Build.0 = Release|Any CPU
		{C16BD8E3-3CA6-4DD1-B7A9-B0A0C2AE3430}.Debug|Any CPU.ActiveCfg = Debug|Any CPU
		{C16BD8E3-3CA6-4DD1-B7A9-B0A0C2AE3430}.Debug|Any CPU.Build.0 = Debug|Any CPU
		{C16BD8E3-3CA6-4DD1-B7A9-B0A0C2AE3430}.Release|Any CPU.ActiveCfg = Release|Any CPU
		{C16BD8E3-3CA6-4DD1-B7A9-B0A0C2AE3430}.Release|Any CPU.Build.0 = Release|Any CPU
		{64E0282A-874C-455B-8E97-B3396B5C0EE7}.Debug|Any CPU.ActiveCfg = Debug|Any CPU
		{64E0282A-874C-455B-8E97-B3396B5C0EE7}.Debug|Any CPU.Build.0 = Debug|Any CPU
		{64E0282A-874C-455B-8E97-B3396B5C0EE7}.Release|Any CPU.ActiveCfg = Release|Any CPU
		{64E0282A-874C-455B-8E97-B3396B5C0EE7}.Release|Any CPU.Build.0 = Release|Any CPU
		{DCB23E00-17D1-4290-B1AB-491EDD9B102C}.Debug|Any CPU.ActiveCfg = Debug|Any CPU
		{DCB23E00-17D1-4290-B1AB-491EDD9B102C}.Debug|Any CPU.Build.0 = Debug|Any CPU
		{DCB23E00-17D1-4290-B1AB-491EDD9B102C}.Release|Any CPU.ActiveCfg = Release|Any CPU
		{DCB23E00-17D1-4290-B1AB-491EDD9B102C}.Release|Any CPU.Build.0 = Release|Any CPU
		{4970B5FF-082C-438A-A57D-30E6218DA383}.Debug|Any CPU.ActiveCfg = Debug|Any CPU
		{4970B5FF-082C-438A-A57D-30E6218DA383}.Debug|Any CPU.Build.0 = Debug|Any CPU
		{4970B5FF-082C-438A-A57D-30E6218DA383}.Release|Any CPU.ActiveCfg = Release|Any CPU
		{4970B5FF-082C-438A-A57D-30E6218DA383}.Release|Any CPU.Build.0 = Release|Any CPU
		{47C7FF49-6A32-7884-1A72-03AE2F5C83FC}.Debug|Any CPU.ActiveCfg = Debug|Any CPU
		{47C7FF49-6A32-7884-1A72-03AE2F5C83FC}.Debug|Any CPU.Build.0 = Debug|Any CPU
		{47C7FF49-6A32-7884-1A72-03AE2F5C83FC}.Release|Any CPU.ActiveCfg = Release|Any CPU
		{47C7FF49-6A32-7884-1A72-03AE2F5C83FC}.Release|Any CPU.Build.0 = Release|Any CPU
		{B9B12A42-EED8-BAE6-BC21-A541BA3C4540}.Debug|Any CPU.ActiveCfg = Debug|Any CPU
		{B9B12A42-EED8-BAE6-BC21-A541BA3C4540}.Debug|Any CPU.Build.0 = Debug|Any CPU
		{B9B12A42-EED8-BAE6-BC21-A541BA3C4540}.Release|Any CPU.ActiveCfg = Release|Any CPU
		{B9B12A42-EED8-BAE6-BC21-A541BA3C4540}.Release|Any CPU.Build.0 = Release|Any CPU
		{CAE5DABA-B9C3-4A00-AA46-5005DADB678B}.Debug|Any CPU.ActiveCfg = Debug|Any CPU
		{CAE5DABA-B9C3-4A00-AA46-5005DADB678B}.Debug|Any CPU.Build.0 = Debug|Any CPU
		{CAE5DABA-B9C3-4A00-AA46-5005DADB678B}.Release|Any CPU.ActiveCfg = Release|Any CPU
		{CAE5DABA-B9C3-4A00-AA46-5005DADB678B}.Release|Any CPU.Build.0 = Release|Any CPU
		{EF8A2A6B-F304-4B6F-9F88-C737BB7B067C}.Debug|Any CPU.ActiveCfg = Debug|Any CPU
		{EF8A2A6B-F304-4B6F-9F88-C737BB7B067C}.Debug|Any CPU.Build.0 = Debug|Any CPU
		{EF8A2A6B-F304-4B6F-9F88-C737BB7B067C}.Release|Any CPU.ActiveCfg = Release|Any CPU
		{EF8A2A6B-F304-4B6F-9F88-C737BB7B067C}.Release|Any CPU.Build.0 = Release|Any CPU
	EndGlobalSection
	GlobalSection(SolutionProperties) = preSolution
		HideSolutionNode = FALSE
	EndGlobalSection
	GlobalSection(ExtensibilityGlobals) = postSolution
		SolutionGuid = {BA83B131-F657-4E4B-807A-E35307917B5D}
	EndGlobalSection
	GlobalSection(SharedMSBuildProjectFiles) = preSolution
		C:\Users\k2206\Desktop\LiveCharts2官网示例\LiveCharts2\src\skiasharp\_Shared.Xaml\_Shared.Xaml.projitems*{b9b12a42-eed8-bae6-bc21-a541ba3c4540}*SharedItemsImports = 5
		C:\Users\k2206\Desktop\LiveCharts2官网示例\LiveCharts2\src\skiasharp\_Shared\_Shared.projitems*{b9b12a42-eed8-bae6-bc21-a541ba3c4540}*SharedItemsImports = 5
	EndGlobalSection
EndGlobal
