
Microsoft Visual Studio Solution File, Format Version 12.00
# Visual Studio Version 17
VisualStudioVersion = 17.14.36121.58
MinimumVisualStudioVersion = 10.0.40219.1
Project("{FAE04EC0-301F-11D3-BF4B-00C04F79EFBC}") = "CS_K_WPF", "CS_K_WPF\CS_K_WPF.csproj", "{67FDB8B3-D6D2-4DFF-8FAA-2D75CAB05A60}"
EndProject
Project("{FAE04EC0-301F-11D3-BF4B-00C04F79EFBC}") = "CS.Base", "BaseProj\CS.Base.csproj", "{64E0282A-874C-455B-8E97-B3396B5C0EE7}"
EndProject
Project("{FAE04EC0-301F-11D3-BF4B-00C04F79EFBC}") = "CS.Database", "Database\CS.Database.csproj", "{DCB23E00-17D1-4290-B1AB-491EDD9B102C}"
EndProject
Project("{FAE04EC0-301F-11D3-BF4B-00C04F79EFBC}") = "CS.DataAnalysis", "DataAnalasisProj\CS.DataAnalysis.csproj", "{4970B5FF-082C-438A-A57D-30E6218DA383}"
EndProject
Project("{FAE04EC0-301F-11D3-BF4B-00C04F79EFBC}") = "LoggerProj", "LoggerProj\LoggerProj.csproj", "{CAE5DABA-B9C3-4A00-AA46-5005DADB678B}"
EndProject
Project("{FAE04EC0-301F-11D3-BF4B-00C04F79EFBC}") = "CSK.Core", "CSK.Core\CSK.Core.csproj", "{EF8A2A6B-F304-4B6F-9F88-C737BB7B067C}"
EndProject
Project("{FAE04EC0-301F-11D3-BF4B-00C04F79EFBC}") = "CS.Communication", "CS.Communication\CS.Communication.csproj", "{2FA4C642-0CA6-420A-AD1C-7E64A99A2559}"
EndProject
Global
	GlobalSection(SolutionConfigurationPlatforms) = preSolution
		Debug|Any CPU = Debug|Any CPU
		Release|Any CPU = Release|Any CPU
	EndGlobalSection
	GlobalSection(ProjectConfigurationPlatforms) = postSolution
		{67FDB8B3-D6D2-4DFF-8FAA-2D75CAB05A60}.Debug|Any CPU.ActiveCfg = Debug|Any CPU
		{67FDB8B3-D6D2-4DFF-8FAA-2D75CAB05A60}.Debug|Any CPU.Build.0 = Debug|Any CPU
		{67FDB8B3-D6D2-4DFF-8FAA-2D75CAB05A60}.Release|Any CPU.ActiveCfg = Release|Any CPU
		{67FDB8B3-D6D2-4DFF-8FAA-2D75CAB05A60}.Release|Any CPU.Build.0 = Release|Any CPU
		{64E0282A-874C-455B-8E97-B3396B5C0EE7}.Debug|Any CPU.ActiveCfg = Debug|Any CPU
		{64E0282A-874C-455B-8E97-B3396B5C0EE7}.Debug|Any CPU.Build.0 = Debug|Any CPU
		{64E0282A-874C-455B-8E97-B3396B5C0EE7}.Release|Any CPU.ActiveCfg = Release|Any CPU
		{64E0282A-874C-455B-8E97-B3396B5C0EE7}.Release|Any CPU.Build.0 = Release|Any CPU
		{DCB23E00-17D1-4290-B1AB-491EDD9B102C}.Debug|Any CPU.ActiveCfg = Debug|Any CPU
		{DCB23E00-17D1-4290-B1AB-491EDD9B102C}.Debug|Any CPU.Build.0 = Debug|Any CPU
		{DCB23E00-17D1-4290-B1AB-491EDD9B102C}.Release|Any CPU.ActiveCfg = Release|Any CPU
		{DCB23E00-17D1-4290-B1AB-491EDD9B102C}.Release|Any CPU.Build.0 = Release|Any CPU
		{4970B5FF-082C-438A-A57D-30E6218DA383}.Debug|Any CPU.ActiveCfg = Debug|Any CPU
		{4970B5FF-082C-438A-A57D-30E6218DA383}.Debug|Any CPU.Build.0 = Debug|Any CPU
		{4970B5FF-082C-438A-A57D-30E6218DA383}.Release|Any CPU.ActiveCfg = Release|Any CPU
		{4970B5FF-082C-438A-A57D-30E6218DA383}.Release|Any CPU.Build.0 = Release|Any CPU
		{CAE5DABA-B9C3-4A00-AA46-5005DADB678B}.Debug|Any CPU.ActiveCfg = Debug|Any CPU
		{CAE5DABA-B9C3-4A00-AA46-5005DADB678B}.Debug|Any CPU.Build.0 = Debug|Any CPU
		{CAE5DABA-B9C3-4A00-AA46-5005DADB678B}.Release|Any CPU.ActiveCfg = Release|Any CPU
		{CAE5DABA-B9C3-4A00-AA46-5005DADB678B}.Release|Any CPU.Build.0 = Release|Any CPU
		{EF8A2A6B-F304-4B6F-9F88-C737BB7B067C}.Debug|Any CPU.ActiveCfg = Debug|Any CPU
		{EF8A2A6B-F304-4B6F-9F88-C737BB7B067C}.Debug|Any CPU.Build.0 = Debug|Any CPU
		{EF8A2A6B-F304-4B6F-9F88-C737BB7B067C}.Release|Any CPU.ActiveCfg = Release|Any CPU
		{EF8A2A6B-F304-4B6F-9F88-C737BB7B067C}.Release|Any CPU.Build.0 = Release|Any CPU
		{2FA4C642-0CA6-420A-AD1C-7E64A99A2559}.Debug|Any CPU.ActiveCfg = Debug|Any CPU
		{2FA4C642-0CA6-420A-AD1C-7E64A99A2559}.Debug|Any CPU.Build.0 = Debug|Any CPU
		{2FA4C642-0CA6-420A-AD1C-7E64A99A2559}.Release|Any CPU.ActiveCfg = Release|Any CPU
		{2FA4C642-0CA6-420A-AD1C-7E64A99A2559}.Release|Any CPU.Build.0 = Release|Any CPU
	EndGlobalSection
	GlobalSection(SolutionProperties) = preSolution
		HideSolutionNode = FALSE
	EndGlobalSection
	GlobalSection(ExtensibilityGlobals) = postSolution
		SolutionGuid = {BA83B131-F657-4E4B-807A-E35307917B5D}
	EndGlobalSection
EndGlobal
